{
  "version": 4,
  "terraform_version": "1.8.5",
  "serial": 19,
  "lineage": "264393bf-8974-f77a-f41a-4f76fb8eb23b",
  "outputs": {
    "job_name": {
      "value": "niteshtransferjobbucket1",
      "type": "string"
    }
  },
  "resources": [
    {
      "module": "module.google_storage_transfer_agent_pool",
      "mode": "data",
      "type": "google_storage_transfer_project_service_account",
      "name": "default",
      "provider": "provider[\"registry.terraform.io/hashicorp/google\"]",
      "instances": [
        {
          "schema_version": 0,
          "attributes": {
            "email": "project-342207754553@storage-transfer-service.iam.gserviceaccount.com",
            "id": "project-342207754553@storage-transfer-service.iam.gserviceaccount.com",
            "member": "serviceAccount:project-342207754553@storage-transfer-service.iam.gserviceaccount.com",
            "project": "identitytestnitesh",
            "subject_id": "109435349126761187149"
          },
          "sensitive_attributes": []
        }
      ]
    },
    {
      "module": "module.google_storage_transfer_agent_pool",
      "mode": "managed",
      "type": "google_project_iam_member",
      "name": "pubsub_editor_role",
      "provider": "provider[\"registry.terraform.io/hashicorp/google\"]",
      "instances": [
        {
          "schema_version": 0,
          "attributes": {
            "condition": [],
            "etag": "BwYdRqKJbTM=",
            "id": "identitytestnitesh/roles/pubsub.editor/serviceAccount:project-342207754553@storage-transfer-service.iam.gserviceaccount.com",
            "member": "serviceAccount:project-342207754553@storage-transfer-service.iam.gserviceaccount.com",
            "project": "identitytestnitesh",
            "role": "roles/pubsub.editor"
          },
          "sensitive_attributes": [],
          "private": "bnVsbA==",
          "dependencies": [
            "module.google_storage_transfer_agent_pool.data.google_storage_transfer_project_service_account.default"
          ]
        }
      ]
    },
    {
      "module": "module.google_storage_transfer_agent_pool",
      "mode": "managed",
      "type": "google_storage_transfer_agent_pool",
      "name": "storage-transfer-agent",
      "provider": "provider[\"registry.terraform.io/hashicorp/google\"]",
      "instances": [
        {
          "schema_version": 0,
          "attributes": {
            "bandwidth_limit": [
              {
                "limit_mbps": "120"
              }
            ],
            "display_name": "agentvinod007",
            "id": "projects/identitytestnitesh/agentPools/agentvinod",
            "name": "agentvinod",
            "project": "identitytestnitesh",
            "state": "CREATED",
            "timeouts": null
          },
          "sensitive_attributes": [],
          "private": "eyJlMmJmYjczMC1lY2FhLTExZTYtOGY4OC0zNDM2M2JjN2M0YzAiOnsiY3JlYXRlIjoxODAwMDAwMDAwMDAwLCJkZWxldGUiOjEyMDAwMDAwMDAwMDAsInVwZGF0ZSI6MTIwMDAwMDAwMDAwMH19",
          "dependencies": [
            "module.google_storage_transfer_agent_pool.data.google_storage_transfer_project_service_account.default",
            "module.google_storage_transfer_agent_pool.google_project_iam_member.pubsub_editor_role"
          ]
        }
      ]
    },
    {
      "module": "module.google_storage_transfer_job",
      "mode": "data",
      "type": "google_storage_transfer_project_service_account",
      "name": "default",
      "provider": "provider[\"registry.terraform.io/hashicorp/google\"]",
      "instances": [
        {
          "schema_version": 0,
          "attributes": {
            "email": "project-342207754553@storage-transfer-service.iam.gserviceaccount.com",
            "id": "project-342207754553@storage-transfer-service.iam.gserviceaccount.com",
            "member": "serviceAccount:project-342207754553@storage-transfer-service.iam.gserviceaccount.com",
            "project": "identitytestnitesh",
            "subject_id": "109435349126761187149"
          },
          "sensitive_attributes": []
        }
      ]
    },
    {
      "module": "module.google_storage_transfer_job",
      "mode": "managed",
      "type": "google_storage_bucket",
      "name": "gcp-bucket",
      "provider": "provider[\"registry.terraform.io/hashicorp/google\"]",
      "instances": [
        {
          "schema_version": 0,
          "attributes": {
            "autoclass": [],
            "cors": [],
            "custom_placement_config": [],
            "default_event_based_hold": false,
            "encryption": [],
            "force_destroy": false,
            "id": "niteshpoctestbucket",
            "labels": null,
            "lifecycle_rule": [],
            "location": "US",
            "logging": [],
            "name": "niteshpoctestbucket",
            "project": "identitytestnitesh",
            "public_access_prevention": "inherited",
            "requester_pays": false,
            "retention_policy": [],
            "self_link": "https://www.googleapis.com/storage/v1/b/niteshpoctestbucket",
            "storage_class": "NEARLINE",
            "timeouts": null,
            "uniform_bucket_level_access": false,
            "url": "gs://niteshpoctestbucket",
            "versioning": [],
            "website": []
          },
          "sensitive_attributes": [],
          "private": "eyJlMmJmYjczMC1lY2FhLTExZTYtOGY4OC0zNDM2M2JjN2M0YzAiOnsiY3JlYXRlIjoyNDAwMDAwMDAwMDAsInJlYWQiOjI0MDAwMDAwMDAwMCwidXBkYXRlIjoyNDAwMDAwMDAwMDB9fQ=="
        }
      ]
    },
    {
      "module": "module.google_storage_transfer_job",
      "mode": "managed",
      "type": "google_storage_bucket_iam_member",
      "name": "gcp-bucket",
      "provider": "provider[\"registry.terraform.io/hashicorp/google\"]",
      "instances": [
        {
          "schema_version": 0,
          "attributes": {
            "bucket": "b/niteshpoctestbucket",
            "condition": [],
            "etag": "CAI=",
            "id": "b/niteshpoctestbucket/roles/storage.admin/serviceAccount:project-342207754553@storage-transfer-service.iam.gserviceaccount.com",
            "member": "serviceAccount:project-342207754553@storage-transfer-service.iam.gserviceaccount.com",
            "role": "roles/storage.admin"
          },
          "sensitive_attributes": [],
          "private": "bnVsbA==",
          "dependencies": [
            "module.google_storage_transfer_job.data.google_storage_transfer_project_service_account.default",
            "module.google_storage_transfer_job.google_storage_bucket.gcp-bucket"
          ]
        }
      ]
    },
    {
      "module": "module.google_storage_transfer_job",
      "mode": "managed",
      "type": "google_storage_transfer_job",
      "name": "gcp-bucket-transfer-job",
      "provider": "provider[\"registry.terraform.io/hashicorp/google\"]",
      "instances": [
        {
          "schema_version": 0,
          "attributes": {
            "creation_time": "2024-07-15T10:24:36.784059163Z",
            "deletion_time": "",
            "description": "niteshtransferjobbucket1",
            "id": "identitytestnitesh/11179623064101272774",
            "last_modification_time": "2024-07-15T10:24:36.784059163Z",
            "name": "transferJobs/11179623064101272774",
            "notification_config": [],
            "project": "identitytestnitesh",
            "schedule": [
              {
                "repeat_interval": "604800s",
                "schedule_end_date": [
                  {
                    "day": 15,
                    "month": 1,
                    "year": 2025
                  }
                ],
                "schedule_start_date": [
                  {
                    "day": 1,
                    "month": 10,
                    "year": 2024
                  }
                ],
                "start_time_of_day": [
                  {
                    "hours": 23,
                    "minutes": 30,
                    "nanos": 0,
                    "seconds": 0
                  }
                ]
              }
            ],
            "status": "ENABLED",
            "transfer_spec": [
              {
                "aws_s3_data_source": [],
                "azure_blob_storage_data_source": [],
                "gcs_data_sink": [
                  {
                    "bucket_name": "niteshpoctestbucket",
                    "path": ""
                  }
                ],
                "gcs_data_source": [
                  {
                    "bucket_name": "niteshpoctestbucket",
                    "path": ""
                  }
                ],
                "http_data_source": [],
                "object_conditions": [],
                "posix_data_sink": [],
                "posix_data_source": [],
                "transfer_options": []
              }
            ]
          },
          "sensitive_attributes": [],
          "private": "bnVsbA==",
          "dependencies": [
            "module.google_storage_transfer_job.data.google_storage_transfer_project_service_account.default",
            "module.google_storage_transfer_job.google_storage_bucket.gcp-bucket",
            "module.google_storage_transfer_job.google_storage_bucket_iam_member.gcp-bucket"
          ]
        }
      ]
    }
  ],
  "check_results": null
}
