{
  "version": 4,
  "terraform_version": "1.8.5",
  "serial": 4,
  "lineage": "acc6bfe3-9a09-861c-2568-2017013a39d1",
  "outputs": {
    "job_name": {
      "value": "niteshtransferjobbucket1",
      "type": "string"
    }
  },
  "resources": [
    {
      "module": "module.google_storage_transfer_agent_pool",
      "mode": "data",
      "type": "google_storage_transfer_project_service_account",
      "name": "default",
      "provider": "provider[\"registry.terraform.io/hashicorp/google\"]",
      "instances": [
        {
          "schema_version": 0,
          "attributes": {
            "email": "project-342207754553@storage-transfer-service.iam.gserviceaccount.com",
            "id": "project-342207754553@storage-transfer-service.iam.gserviceaccount.com",
            "member": "serviceAccount:project-342207754553@storage-transfer-service.iam.gserviceaccount.com",
            "project": "identitytestnitesh",
            "subject_id": "109435349126761187149"
          },
          "sensitive_attributes": []
        }
      ]
    },
    {
      "module": "module.google_storage_transfer_agent_pool",
      "mode": "managed",
      "type": "google_project_iam_member",
      "name": "pubsub_editor_role",
      "provider": "provider[\"registry.terraform.io/hashicorp/google\"]",
      "instances": [
        {
          "schema_version": 0,
          "attributes": {
            "condition": [],
            "etag": "BwYc8ASEUpU=",
            "id": "identitytestnitesh/roles/pubsub.editor/serviceAccount:project-342207754553@storage-transfer-service.iam.gserviceaccount.com",
            "member": "serviceAccount:project-342207754553@storage-transfer-service.iam.gserviceaccount.com",
            "project": "identitytestnitesh",
            "role": "roles/pubsub.editor"
          },
          "sensitive_attributes": [],
          "private": "bnVsbA==",
          "dependencies": [
            "module.google_storage_transfer_agent_pool.data.google_storage_transfer_project_service_account.default"
          ]
        }
      ]
    },
    {
      "module": "module.google_storage_transfer_job",
      "mode": "data",
      "type": "google_storage_transfer_project_service_account",
      "name": "default",
      "provider": "provider[\"registry.terraform.io/hashicorp/google\"]",
      "instances": [
        {
          "schema_version": 0,
          "attributes": {
            "email": "project-342207754553@storage-transfer-service.iam.gserviceaccount.com",
            "id": "project-342207754553@storage-transfer-service.iam.gserviceaccount.com",
            "member": "serviceAccount:project-342207754553@storage-transfer-service.iam.gserviceaccount.com",
            "project": "identitytestnitesh",
            "subject_id": "109435349126761187149"
          },
          "sensitive_attributes": []
        }
      ]
    }
  ],
  "check_results": null
}
